
Microsoft Visual Studio Solution File, Format Version 12.00
Project("{FAE04EC0-301F-11D3-BF4B-00C04F79EFBC}") = "Kolokwium1", "Kolokwium1\Kolokwium1.csproj", "{4344014F-4BBB-430A-A084-08F83324C13D}"
EndProject
Global
	GlobalSection(SolutionConfigurationPlatforms) = preSolution
		Debug|Any CPU = Debug|Any CPU
		Release|Any CPU = Release|Any CPU
	EndGlobalSection
	GlobalSection(ProjectConfigurationPlatforms) = postSolution
		{4344014F-4BBB-430A-A084-08F83324C13D}.Debug|Any CPU.ActiveCfg = Debug|Any CPU
		{4344014F-4BBB-430A-A084-08F83324C13D}.Debug|Any CPU.Build.0 = Debug|Any CPU
		{4344014F-4BBB-430A-A084-08F83324C13D}.Release|Any CPU.ActiveCfg = Release|Any CPU
		{4344014F-4BBB-430A-A084-08F83324C13D}.Release|Any CPU.Build.0 = Release|Any CPU
	EndGlobalSection
EndGlobal
